Microsoft Visual Studio Solution File, Format Version 12.00
# Visual Studio Version 17
VisualStudioVersion = 17.5.2.0
MinimumVisualStudioVersion = 10.0.40219.1
Project("{2150E333-8FDC-42A3-9474-1A3956D46DE8}") = "session1", "session1", "{42E5AB8A-C2B5-5F6A-F78D-D028ECFDC319}"
EndProject
Project("{2150E333-8FDC-42A3-9474-1A3956D46DE8}") = "dotnet", "dotnet", "{6CC7315A-4A4C-9920-263C-879A3F2A10B1}"
EndProject
Project("{FAE04EC0-301F-11D3-BF4B-00C04F79EFBC}") = "ProductService", "session1\dotnet\ProductService\ProductService.csproj", "{24CBE407-66A3-D971-5A1E-B53D2253AB74}"
EndProject
Global
	GlobalSection(SolutionConfigurationPlatforms) = preSolution
		Debug|Any CPU = Debug|Any CPU
		Release|Any CPU = Release|Any CPU
	EndGlobalSection
	GlobalSection(ProjectConfigurationPlatforms) = postSolution
		{24CBE407-66A3-D971-5A1E-B53D2253AB74}.Debug|Any CPU.ActiveCfg = Debug|Any CPU
		{24CBE407-66A3-D971-5A1E-B53D2253AB74}.Debug|Any CPU.Build.0 = Debug|Any CPU
		{24CBE407-66A3-D971-5A1E-B53D2253AB74}.Release|Any CPU.ActiveCfg = Release|Any CPU
		{24CBE407-66A3-D971-5A1E-B53D2253AB74}.Release|Any CPU.Build.0 = Release|Any CPU
	EndGlobalSection
	GlobalSection(SolutionProperties) = preSolution
		HideSolutionNode = FALSE
	EndGlobalSection
	GlobalSection(NestedProjects) = preSolution
		{6CC7315A-4A4C-9920-263C-879A3F2A10B1} = {42E5AB8A-C2B5-5F6A-F78D-D028ECFDC319}
		{24CBE407-66A3-D971-5A1E-B53D2253AB74} = {6CC7315A-4A4C-9920-263C-879A3F2A10B1}
	EndGlobalSection
	GlobalSection(ExtensibilityGlobals) = postSolution
		SolutionGuid = {8C8936A2-9195-4B8D-B8F8-771C867F5938}
	EndGlobalSection
EndGlobal
